{
  "lockfileVersion": 1,
  "configVersion": 1,
  "workspaces": {
    "": {
      "name": "@ldystudio/react-graphql-query",
      "dependencies": {
        "graphql": "^16.11.0",
      },
      "devDependencies": {
        "@biomejs/biome": "^2.4.4",
        "@happy-dom/global-registrator": "^20.1.0",
        "@tanstack/react-query": "^5.90.21",
        "@testing-library/react": "^16.3.0",
        "@types/bun": "^1.3.0",
        "@types/react": "^19.2.0",
        "@types/react-dom": "^19.2.0",
        "graphql-request": "6.1.0",
        "react": "^19.2.0",
        "react-dom": "^19.2.0",
        "rolldown": "^1.0.0-rc.3",
        "rolldown-plugin-dts": "^0.22.5",
        "typescript": "^5.9.3",
      },
      "peerDependencies": {
        "@tanstack/react-query": ">=5.0.0",
        "graphql-request": "6.1.0",
        "react": ">=18.0.0",
      },
    },
  },
  "packages": {
    "@babel/code-frame": ["@babel/code-frame@7.29.0", "", { "dependencies": { "@babel/helper-validator-identifier": "^7.28.5", "js-tokens": "^4.0.0", "picocolors": "^1.1.1" } }, "sha512-9NhCeYjq9+3uxgdtp20LSiJXJvN0FeCtNGpJxuMFZ1Kv3cWUNb6DOhJwUvcVCzKGR66cw4njwM6hrJLqgOwbcw=="],

    "@babel/generator": ["@babel/generator@8.0.0-rc.2", "", { "dependencies": { "@babel/parser": "^8.0.0-rc.2", "@babel/types": "^8.0.0-rc.2", "@jridgewell/gen-mapping": "^0.3.12", "@jridgewell/trace-mapping": "^0.3.28", "@types/jsesc": "^2.5.0", "jsesc": "^3.0.2" } }, "sha512-oCQ1IKPwkzCeJzAPb7Fv8rQ9k5+1sG8mf2uoHiMInPYvkRfrDJxbTIbH51U+jstlkghus0vAi3EBvkfvEsYNLQ=="],

    "@babel/helper-string-parser": ["@babel/helper-string-parser@8.0.0-rc.3", "", {}, "sha512-AmwWFx1m8G/a5cXkxLxTiWl+YEoWuoFLUCwqMlNuWO1tqAYITQAbCRPUkyBHv1VOFgfjVOqEj6L3u15J5ZCzTA=="],

    "@babel/helper-validator-identifier": ["@babel/helper-validator-identifier@8.0.0-rc.2", "", {}, "sha512-xExUBkuXWJjVuIbO7z6q7/BA9bgfJDEhVL0ggrggLMbg0IzCUWGT1hZGE8qUH7Il7/RD/a6cZ3AAFrrlp1LF/A=="],

    "@babel/parser": ["@babel/parser@8.0.0-rc.2", "", { "dependencies": { "@babel/types": "^8.0.0-rc.2" }, "bin": "./bin/babel-parser.js" }, "sha512-29AhEtcq4x8Dp3T72qvUMZHx0OMXCj4Jy/TEReQa+KWLln524Cj1fWb3QFi0l/xSpptQBR6y9RNEXuxpFvwiUQ=="],

    "@babel/runtime": ["@babel/runtime@7.29.2", "", {}, "sha512-JiDShH45zKHWyGe4ZNVRrCjBz8Nh9TMmZG1kh4QTK8hCBTWBi8Da+i7s1fJw7/lYpM4ccepSNfqzZ/QvABBi5g=="],

    "@babel/types": ["@babel/types@8.0.0-rc.2", "", { "dependencies": { "@babel/helper-string-parser": "^8.0.0-rc.2", "@babel/helper-validator-identifier": "^8.0.0-rc.2" } }, "sha512-91gAaWRznDwSX4E2tZ1YjBuIfnQVOFDCQ2r0Toby0gu4XEbyF623kXLMA8d4ZbCu+fINcrudkmEcwSUHgDDkNw=="],

    "@biomejs/biome": ["@biomejs/biome@2.4.8", "", { "optionalDependencies": { "@biomejs/cli-darwin-arm64": "2.4.8", "@biomejs/cli-darwin-x64": "2.4.8", "@biomejs/cli-linux-arm64": "2.4.8", "@biomejs/cli-linux-arm64-musl": "2.4.8", "@biomejs/cli-linux-x64": "2.4.8", "@biomejs/cli-linux-x64-musl": "2.4.8", "@biomejs/cli-win32-arm64": "2.4.8", "@biomejs/cli-win32-x64": "2.4.8" }, "bin": { "biome": "bin/biome" } }, "sha512-ponn0oKOky1oRXBV+rlSaUlixUxf1aZvWC19Z41zBfUOUesthrQqL3OtiAlSB1EjFjyWpn98Q64DHelhA6jNlA=="],

    "@biomejs/cli-darwin-arm64": ["@biomejs/cli-darwin-arm64@2.4.8", "", { "os": "darwin", "cpu": "arm64" }, "sha512-ARx0tECE8I7S2C2yjnWYLNbBdDoPdq3oyNLhMglmuctThwUsuzFWRKrHmIGwIRWKz0Mat9DuzLEDp52hGnrxGQ=="],

    "@biomejs/cli-darwin-x64": ["@biomejs/cli-darwin-x64@2.4.8", "", { "os": "darwin", "cpu": "x64" }, "sha512-Jg9/PsB9vDCJlANE8uhG7qDhb5w0Ix69D7XIIc8IfZPUoiPrbLm33k2Ig3NOJ/7nb3UbesFz3D1aDKm9DvzjhQ=="],

    "@biomejs/cli-linux-arm64": ["@biomejs/cli-linux-arm64@2.4.8", "", { "os": "linux", "cpu": "arm64" }, "sha512-5CdrsJct76XG2hpKFwXnEtlT1p+4g4yV+XvvwBpzKsTNLO9c6iLlAxwcae2BJ7ekPGWjNGw9j09T5KGPKKxQig=="],

    "@biomejs/cli-linux-arm64-musl": ["@biomejs/cli-linux-arm64-musl@2.4.8", "", { "os": "linux", "cpu": "arm64" }, "sha512-Zo9OhBQDJ3IBGPlqHiTISloo5H0+FBIpemqIJdW/0edJ+gEcLR+MZeZozcUyz3o1nXkVA7++DdRKQT0599j9jA=="],

    "@biomejs/cli-linux-x64": ["@biomejs/cli-linux-x64@2.4.8", "", { "os": "linux", "cpu": "x64" }, "sha512-PdKXspVEaMCQLjtZCn6vfSck/li4KX9KGwSDbZdgIqlrizJ2MnMcE3TvHa2tVfXNmbjMikzcfJpuPWH695yJrw=="],

    "@biomejs/cli-linux-x64-musl": ["@biomejs/cli-linux-x64-musl@2.4.8", "", { "os": "linux", "cpu": "x64" }, "sha512-Gi8quv8MEuDdKaPFtS2XjEnMqODPsRg6POT6KhoP+VrkNb+T2ywunVB+TvOU0LX1jAZzfBr+3V1mIbBhzAMKvw=="],

    "@biomejs/cli-win32-arm64": ["@biomejs/cli-win32-arm64@2.4.8", "", { "os": "win32", "cpu": "arm64" }, "sha512-LoFatS0tnHv6KkCVpIy3qZCih+MxUMvdYiPWLHRri7mhi2vyOOs8OrbZBcLTUEWCS+ktO72nZMy4F96oMhkOHQ=="],

    "@biomejs/cli-win32-x64": ["@biomejs/cli-win32-x64@2.4.8", "", { "os": "win32", "cpu": "x64" }, "sha512-vAn7iXDoUbqFXqVocuq1sMYAd33p8+mmurqJkWl6CtIhobd/O6moe4rY5AJvzbunn/qZCdiDVcveqtkFh1e7Hg=="],

    "@emnapi/core": ["@emnapi/core@1.9.1", "", { "dependencies": { "@emnapi/wasi-threads": "1.2.0", "tslib": "^2.4.0" } }, "sha512-mukuNALVsoix/w1BJwFzwXBN/dHeejQtuVzcDsfOEsdpCumXb/E9j8w11h5S54tT1xhifGfbbSm/ICrObRb3KA=="],

    "@emnapi/runtime": ["@emnapi/runtime@1.9.1", "", { "dependencies": { "tslib": "^2.4.0" } }, "sha512-VYi5+ZVLhpgK4hQ0TAjiQiZ6ol0oe4mBx7mVv7IflsiEp0OWoVsp/+f9Vc1hOhE0TtkORVrI1GvzyreqpgWtkA=="],

    "@emnapi/wasi-threads": ["@emnapi/wasi-threads@1.2.0", "", { "dependencies": { "tslib": "^2.4.0" } }, "sha512-N10dEJNSsUx41Z6pZsXU8FjPjpBEplgH24sfkmITrBED1/U2Esum9F3lfLrMjKHHjmi557zQn7kR9R+XWXu5Rg=="],

    "@graphql-typed-document-node/core": ["@graphql-typed-document-node/core@3.2.0", "", { "peerDependencies": { "graphql": "^0.8.0 || ^0.9.0 || ^0.10.0 || ^0.11.0 || ^0.12.0 || ^0.13.0 || ^14.0.0 || ^15.0.0 || ^16.0.0 || ^17.0.0" } }, "sha512-mB9oAsNCm9aM3/SOv4YtBMqZbYj10R7dkq8byBqxGY/ncFwhf2oQzMV+LCRlWoDSEBJ3COiR1yeDvMtsoOsuFQ=="],

    "@happy-dom/global-registrator": ["@happy-dom/global-registrator@20.8.8", "", { "dependencies": { "@types/node": ">=20.0.0", "happy-dom": "^20.8.8" } }, "sha512-2NE+gfUX092su6oZYw6yOfgPYAfx9NBLFdMLNdZZtkupCP9oZfz6qFRYf1o8la2Le7Tyb94O5TONzcozENx2xg=="],

    "@jridgewell/gen-mapping": ["@jridgewell/gen-mapping@0.3.13", "", { "dependencies": { "@jridgewell/sourcemap-codec": "^1.5.0", "@jridgewell/trace-mapping": "^0.3.24" } }, "sha512-2kkt/7niJ6MgEPxF0bYdQ6etZaA+fQvDcLKckhy1yIQOzaoKjBBjSj63/aLVjYE3qhRt5dvM+uUyfCg6UKCBbA=="],

    "@jridgewell/resolve-uri": ["@jridgewell/resolve-uri@3.1.2", "", {}, "sha512-bRISgCIjP20/tbWSPWMEi54QVPRZExkuD9lJL+UIxUKtwVJA8wW1Trb1jMs1RFXo1CBTNZ/5hpC9QvmKWdopKw=="],

    "@jridgewell/sourcemap-codec": ["@jridgewell/sourcemap-codec@1.5.5", "", {}, "sha512-cYQ9310grqxueWbl+WuIUIaiUaDcj7WOq5fVhEljNVgRfOUhY9fy2zTvfoqWsnebh8Sl70VScFbICvJnLKB0Og=="],

    "@jridgewell/trace-mapping": ["@jridgewell/trace-mapping@0.3.31", "", { "dependencies": { "@jridgewell/resolve-uri": "^3.1.0", "@jridgewell/sourcemap-codec": "^1.4.14" } }, "sha512-zzNR+SdQSDJzc8joaeP8QQoCQr8NuYx2dIIytl1QeBEZHJ9uW6hebsrYgbz8hJwUQao3TWCMtmfV8Nu1twOLAw=="],

    "@napi-rs/wasm-runtime": ["@napi-rs/wasm-runtime@1.1.1", "", { "dependencies": { "@emnapi/core": "^1.7.1", "@emnapi/runtime": "^1.7.1", "@tybys/wasm-util": "^0.10.1" } }, "sha512-p64ah1M1ld8xjWv3qbvFwHiFVWrq1yFvV4f7w+mzaqiR4IlSgkqhcRdHwsGgomwzBH51sRY4NEowLxnaBjcW/A=="],

    "@oxc-project/types": ["@oxc-project/types@0.122.0", "", {}, "sha512-oLAl5kBpV4w69UtFZ9xqcmTi+GENWOcPF7FCrczTiBbmC0ibXxCwyvZGbO39rCVEuLGAZM84DH0pUIyyv/YJzA=="],

    "@rolldown/binding-android-arm64": ["@rolldown/binding-android-arm64@1.0.0-rc.11", "", { "os": "android", "cpu": "arm64" }, "sha512-SJ+/g+xNnOh6NqYxD0V3uVN4W3VfnrGsC9/hoglicgTNfABFG9JjISvkkU0dNY84MNHLWyOgxP9v9Y9pX4S7+A=="],

    "@rolldown/binding-darwin-arm64": ["@rolldown/binding-darwin-arm64@1.0.0-rc.11", "", { "os": "darwin", "cpu": "arm64" }, "sha512-7WQgR8SfOPwmDZGFkThUvsmd/nwAWv91oCO4I5LS7RKrssPZmOt7jONN0cW17ydGC1n/+puol1IpoieKqQidmg=="],

    "@rolldown/binding-darwin-x64": ["@rolldown/binding-darwin-x64@1.0.0-rc.11", "", { "os": "darwin", "cpu": "x64" }, "sha512-39Ks6UvIHq4rEogIfQBoBRusj0Q0nPVWIvqmwBLaT6aqQGIakHdESBVOPRRLacy4WwUPIx4ZKzfZ9PMW+IeyUQ=="],

    "@rolldown/binding-freebsd-x64": ["@rolldown/binding-freebsd-x64@1.0.0-rc.11", "", { "os": "freebsd", "cpu": "x64" }, "sha512-jfsm0ZHfhiqrvWjJAmzsqiIFPz5e7mAoCOPBNTcNgkiid/LaFKiq92+0ojH+nmJmKYkre4t71BWXUZDNp7vsag=="],

    "@rolldown/binding-linux-arm-gnueabihf": ["@rolldown/binding-linux-arm-gnueabihf@1.0.0-rc.11", "", { "os": "linux", "cpu": "arm" }, "sha512-zjQaUtSyq1nVe3nxmlSCuR96T1LPlpvmJ0SZy0WJFEsV4kFbXcq2u68L4E6O0XeFj4aex9bEauqjW8UQBeAvfQ=="],

    "@rolldown/binding-linux-arm64-gnu": ["@rolldown/binding-linux-arm64-gnu@1.0.0-rc.11", "", { "os": "linux", "cpu": "arm64" }, "sha512-WMW1yE6IOnehTcFE9eipFkm3XN63zypWlrJQ2iF7NrQ9b2LDRjumFoOGJE8RJJTJCTBAdmLMnJ8uVitACUUo1Q=="],

    "@rolldown/binding-linux-arm64-musl": ["@rolldown/binding-linux-arm64-musl@1.0.0-rc.11", "", { "os": "linux", "cpu": "arm64" }, "sha512-jfndI9tsfm4APzjNt6QdBkYwre5lRPUgHeDHoI7ydKUuJvz3lZeCfMsI56BZj+7BYqiKsJm7cfd/6KYV7ubrBg=="],

    "@rolldown/binding-linux-ppc64-gnu": ["@rolldown/binding-linux-ppc64-gnu@1.0.0-rc.11", "", { "os": "linux", "cpu": "ppc64" }, "sha512-ZlFgw46NOAGMgcdvdYwAGu2Q+SLFA9LzbJLW+iyMOJyhj5wk6P3KEE9Gct4xWwSzFoPI7JCdYmYMzVtlgQ+zfw=="],

    "@rolldown/binding-linux-s390x-gnu": ["@rolldown/binding-linux-s390x-gnu@1.0.0-rc.11", "", { "os": "linux", "cpu": "s390x" }, "sha512-hIOYmuT6ofM4K04XAZd3OzMySEO4K0/nc9+jmNcxNAxRi6c5UWpqfw3KMFV4MVFWL+jQsSh+bGw2VqmaPMTLyw=="],

    "@rolldown/binding-linux-x64-gnu": ["@rolldown/binding-linux-x64-gnu@1.0.0-rc.11", "", { "os": "linux", "cpu": "x64" }, "sha512-qXBQQO9OvkjjQPLdUVr7Nr2t3QTZI7s4KZtfw7HzBgjbmAPSFwSv4rmET9lLSgq3rH/ndA3ngv3Qb8l2njoPNA=="],

    "@rolldown/binding-linux-x64-musl": ["@rolldown/binding-linux-x64-musl@1.0.0-rc.11", "", { "os": "linux", "cpu": "x64" }, "sha512-/tpFfoSTzUkH9LPY+cYbqZBDyyX62w5fICq9qzsHLL8uTI6BHip3Q9Uzft0wylk/i8OOwKik8OxW+QAhDmzwmg=="],

    "@rolldown/binding-openharmony-arm64": ["@rolldown/binding-openharmony-arm64@1.0.0-rc.11", "", { "os": "none", "cpu": "arm64" }, "sha512-mcp3Rio2w72IvdZG0oQ4bM2c2oumtwHfUfKncUM6zGgz0KgPz4YmDPQfnXEiY5t3+KD/i8HG2rOB/LxdmieK2g=="],

    "@rolldown/binding-wasm32-wasi": ["@rolldown/binding-wasm32-wasi@1.0.0-rc.11", "", { "dependencies": { "@napi-rs/wasm-runtime": "^1.1.1" }, "cpu": "none" }, "sha512-LXk5Hii1Ph9asuGRjBuz8TUxdc1lWzB7nyfdoRgI0WGPZKmCxvlKk8KfYysqtr4MfGElu/f/pEQRh8fcEgkrWw=="],

    "@rolldown/binding-win32-arm64-msvc": ["@rolldown/binding-win32-arm64-msvc@1.0.0-rc.11", "", { "os": "win32", "cpu": "arm64" }, "sha512-dDwf5otnx0XgRY1yqxOC4ITizcdzS/8cQ3goOWv3jFAo4F+xQYni+hnMuO6+LssHHdJW7+OCVL3CoU4ycnh35Q=="],

    "@rolldown/binding-win32-x64-msvc": ["@rolldown/binding-win32-x64-msvc@1.0.0-rc.11", "", { "os": "win32", "cpu": "x64" }, "sha512-LN4/skhSggybX71ews7dAj6r2geaMJfm3kMbK2KhFMg9B10AZXnKoLCVVgzhMHL0S+aKtr4p8QbAW8k+w95bAA=="],

    "@rolldown/pluginutils": ["@rolldown/pluginutils@1.0.0-rc.11", "", {}, "sha512-xQO9vbwBecJRv9EUcQ/y0dzSTJgA7Q6UVN7xp6B81+tBGSLVAK03yJ9NkJaUA7JFD91kbjxRSC/mDnmvXzbHoQ=="],

    "@tanstack/query-core": ["@tanstack/query-core@5.95.2", "", {}, "sha512-o4T8vZHZET4Bib3jZ/tCW9/7080urD4c+0/AUaYVpIqOsr7y0reBc1oX3ttNaSW5mYyvZHctiQ/UOP2PfdmFEQ=="],

    "@tanstack/react-query": ["@tanstack/react-query@5.95.2", "", { "dependencies": { "@tanstack/query-core": "5.95.2" }, "peerDependencies": { "react": "^18 || ^19" } }, "sha512-/wGkvLj/st5Ud1Q76KF1uFxScV7WeqN1slQx5280ycwAyYkIPGaRZAEgHxe3bjirSd5Zpwkj6zNcR4cqYni/ZA=="],

    "@testing-library/dom": ["@testing-library/dom@10.4.1", "", { "dependencies": { "@babel/code-frame": "^7.10.4", "@babel/runtime": "^7.12.5", "@types/aria-query": "^5.0.1", "aria-query": "5.3.0", "dom-accessibility-api": "^0.5.9", "lz-string": "^1.5.0", "picocolors": "1.1.1", "pretty-format": "^27.0.2" } }, "sha512-o4PXJQidqJl82ckFaXUeoAW+XysPLauYI43Abki5hABd853iMhitooc6znOnczgbTYmEP6U6/y1ZyKAIsvMKGg=="],

    "@testing-library/react": ["@testing-library/react@16.3.2", "", { "dependencies": { "@babel/runtime": "^7.12.5" }, "peerDependencies": { "@testing-library/dom": "^10.0.0", "@types/react": "^18.0.0 || ^19.0.0", "@types/react-dom": "^18.0.0 || ^19.0.0", "react": "^18.0.0 || ^19.0.0", "react-dom": "^18.0.0 || ^19.0.0" }, "optionalPeers": ["@types/react", "@types/react-dom"] }, "sha512-XU5/SytQM+ykqMnAnvB2umaJNIOsLF3PVv//1Ew4CTcpz0/BRyy/af40qqrt7SjKpDdT1saBMc42CUok5gaw+g=="],

    "@tybys/wasm-util": ["@tybys/wasm-util@0.10.1", "", { "dependencies": { "tslib": "^2.4.0" } }, "sha512-9tTaPJLSiejZKx+Bmog4uSubteqTvFrVrURwkmHixBo0G4seD0zUxp98E1DzUBJxLQ3NPwXrGKDiVjwx/DpPsg=="],

    "@types/aria-query": ["@types/aria-query@5.0.4", "", {}, "sha512-rfT93uj5s0PRL7EzccGMs3brplhcrghnDoV26NqKhCAS1hVo+WdNsPvE/yb6ilfr5hi2MEk6d5EWJTKdxg8jVw=="],

    "@types/bun": ["@types/bun@1.3.11", "", { "dependencies": { "bun-types": "1.3.11" } }, "sha512-5vPne5QvtpjGpsGYXiFyycfpDF2ECyPcTSsFBMa0fraoxiQyMJ3SmuQIGhzPg2WJuWxVBoxWJ2kClYTcw/4fAg=="],

    "@types/estree": ["@types/estree@1.0.8", "", {}, "sha512-dWHzHa2WqEXI/O1E9OjrocMTKJl2mSrEolh1Iomrv6U+JuNwaHXsXx9bLu5gG7BUWFIN0skIQJQ/L1rIex4X6w=="],

    "@types/jsesc": ["@types/jsesc@2.5.1", "", {}, "sha512-9VN+6yxLOPLOav+7PwjZbxiID2bVaeq0ED4qSQmdQTdjnXJSaCVKTR58t15oqH1H5t8Ng2ZX1SabJVoN9Q34bw=="],

    "@types/node": ["@types/node@25.5.0", "", { "dependencies": { "undici-types": "~7.18.0" } }, "sha512-jp2P3tQMSxWugkCUKLRPVUpGaL5MVFwF8RDuSRztfwgN1wmqJeMSbKlnEtQqU8UrhTmzEmZdu2I6v2dpp7XIxw=="],

    "@types/react": ["@types/react@19.2.14", "", { "dependencies": { "csstype": "^3.2.2" } }, "sha512-ilcTH/UniCkMdtexkoCN0bI7pMcJDvmQFPvuPvmEaYA/NSfFTAgdUSLAoVjaRJm7+6PvcM+q1zYOwS4wTYMF9w=="],

    "@types/react-dom": ["@types/react-dom@19.2.3", "", { "peerDependencies": { "@types/react": "^19.2.0" } }, "sha512-jp2L/eY6fn+KgVVQAOqYItbF0VY/YApe5Mz2F0aykSO8gx31bYCZyvSeYxCHKvzHG5eZjc+zyaS5BrBWya2+kQ=="],

    "@types/whatwg-mimetype": ["@types/whatwg-mimetype@3.0.2", "", {}, "sha512-c2AKvDT8ToxLIOUlN51gTiHXflsfIFisS4pO7pDPoKouJCESkhZnEy623gwP9laCy5lnLDAw1vAzu2vM2YLOrA=="],

    "@types/ws": ["@types/ws@8.18.1", "", { "dependencies": { "@types/node": "*" } }, "sha512-ThVF6DCVhA8kUGy+aazFQ4kXQ7E1Ty7A3ypFOe0IcJV8O/M511G99AW24irKrW56Wt44yG9+ij8FaqoBGkuBXg=="],

    "ansi-regex": ["ansi-regex@5.0.1", "", {}, "sha512-quJQXlTSUGL2LH9SUXo8VwsY4soanhgo6LNSm84E1LBcE8s3O0wpdiRzyR9z/ZZJMlMWv37qOOb9pdJlMUEKFQ=="],

    "ansi-styles": ["ansi-styles@5.2.0", "", {}, "sha512-Cxwpt2SfTzTtXcfOlzGEee8O+c+MmUgGrNiBcXnuWxuFJHe6a5Hz7qwhwe5OgaSYI0IJvkLqWX1ASG+cJOkEiA=="],

    "aria-query": ["aria-query@5.3.0", "", { "dependencies": { "dequal": "^2.0.3" } }, "sha512-b0P0sZPKtyu8HkeRAfCq0IfURZK+SuwMjY1UXGBU27wpAiTwQAIlq56IbIO+ytk/JjS1fMR14ee5WBBfKi5J6A=="],

    "ast-kit": ["ast-kit@3.0.0-beta.1", "", { "dependencies": { "@babel/parser": "^8.0.0-beta.4", "estree-walker": "^3.0.3", "pathe": "^2.0.3" } }, "sha512-trmleAnZ2PxN/loHWVhhx1qeOHSRXq4TDsBBxq3GqeJitfk3+jTQ+v/C1km/KYq9M7wKqCewMh+/NAvVH7m+bw=="],

    "birpc": ["birpc@4.0.0", "", {}, "sha512-LShSxJP0KTmd101b6DRyGBj57LZxSDYWKitQNW/mi8GRMvZb078Uf9+pveax1DrVL89vm7mWe+TovdI/UDOuPw=="],

    "bun-types": ["bun-types@1.3.11", "", { "dependencies": { "@types/node": "*" } }, "sha512-1KGPpoxQWl9f6wcZh57LvrPIInQMn2TQ7jsgxqpRzg+l0QPOFvJVH7HmvHo/AiPgwXy+/Thf6Ov3EdVn1vOabg=="],

    "cross-fetch": ["cross-fetch@3.2.0", "", { "dependencies": { "node-fetch": "^2.7.0" } }, "sha512-Q+xVJLoGOeIMXZmbUK4HYk+69cQH6LudR0Vu/pRm2YlU/hDV9CiS0gKUMaWY5f2NeUH9C1nV3bsTlCo0FsTV1Q=="],

    "csstype": ["csstype@3.2.3", "", {}, "sha512-z1HGKcYy2xA8AGQfwrn0PAy+PB7X/GSj3UVJW9qKyn43xWa+gl5nXmU4qqLMRzWVLFC8KusUX8T/0kCiOYpAIQ=="],

    "dequal": ["dequal@2.0.3", "", {}, "sha512-0je+qPKHEMohvfRTCEo3CrPG6cAzAYgmzKyxRiYSSDkS6eGJdyVJm7WaYA5ECaAD9wLB2T4EEeymA5aFVcYXCA=="],

    "dom-accessibility-api": ["dom-accessibility-api@0.5.16", "", {}, "sha512-X7BJ2yElsnOJ30pZF4uIIDfBEVgF4XEBxL9Bxhy6dnrm5hkzqmsWHGTiHqRiITNhMyFLyAiWndIJP7Z1NTteDg=="],

    "dts-resolver": ["dts-resolver@2.1.3", "", { "peerDependencies": { "oxc-resolver": ">=11.0.0" }, "optionalPeers": ["oxc-resolver"] }, "sha512-bihc7jPC90VrosXNzK0LTE2cuLP6jr0Ro8jk+kMugHReJVLIpHz/xadeq3MhuwyO4TD4OA3L1Q8pBBFRc08Tsw=="],

    "entities": ["entities@7.0.1", "", {}, "sha512-TWrgLOFUQTH994YUyl1yT4uyavY5nNB5muff+RtWaqNVCAK408b5ZnnbNAUEWLTCpum9w6arT70i1XdQ4UeOPA=="],

    "estree-walker": ["estree-walker@3.0.3", "", { "dependencies": { "@types/estree": "^1.0.0" } }, "sha512-7RUKfXgSMMkzt6ZuXmqapOurLGPPfgj6l9uRZ7lRGolvk0y2yocc35LdcxKC5PQZdn2DMqioAQ2NoWcrTKmm6g=="],

    "get-tsconfig": ["get-tsconfig@4.13.7", "", { "dependencies": { "resolve-pkg-maps": "^1.0.0" } }, "sha512-7tN6rFgBlMgpBML5j8typ92BKFi2sFQvIdpAqLA2beia5avZDrMs0FLZiM5etShWq5irVyGcGMEA1jcDaK7A/Q=="],

    "graphql": ["graphql@16.13.2", "", {}, "sha512-5bJ+nf/UCpAjHM8i06fl7eLyVC9iuNAjm9qzkiu2ZGhM0VscSvS6WDPfAwkdkBuoXGM9FJSbKl6wylMwP9Ktig=="],

    "graphql-request": ["graphql-request@6.1.0", "", { "dependencies": { "@graphql-typed-document-node/core": "^3.2.0", "cross-fetch": "^3.1.5" }, "peerDependencies": { "graphql": "14 - 16" } }, "sha512-p+XPfS4q7aIpKVcgmnZKhMNqhltk20hfXtkaIkTfjjmiKMJ5xrt5c743cL03y/K7y1rg3WrIC49xGiEQ4mxdNw=="],

    "happy-dom": ["happy-dom@20.8.8", "", { "dependencies": { "@types/node": ">=20.0.0", "@types/whatwg-mimetype": "^3.0.2", "@types/ws": "^8.18.1", "entities": "^7.0.1", "whatwg-mimetype": "^3.0.0", "ws": "^8.18.3" } }, "sha512-5/F8wxkNxYtsN0bXfMwIyNLZ9WYsoOYPbmoluqVJqv8KBUbcyKZawJ7uYK4WTX8IHBLYv+VXIwfeNDPy1oKMwQ=="],

    "js-tokens": ["js-tokens@4.0.0", "", {}, "sha512-RdJUflcE3cUzKiMqQgsCu06FPu9UdIJO0beYbPhHN4k6apgJtifcoCtT9bcxOpYBtpD2kCM6Sbzg4CausW/PKQ=="],

    "jsesc": ["jsesc@3.1.0", "", { "bin": { "jsesc": "bin/jsesc" } }, "sha512-/sM3dO2FOzXjKQhJuo0Q173wf2KOo8t4I8vHy6lF9poUp7bKT0/NHE8fPX23PwfhnykfqnC2xRxOnVw5XuGIaA=="],

    "lz-string": ["lz-string@1.5.0", "", { "bin": { "lz-string": "bin/bin.js" } }, "sha512-h5bgJWpxJNswbU7qCrV0tIKQCaS3blPDrqKWx+QxzuzL1zGUzij9XCWLrSLsJPu5t+eWA/ycetzYAO5IOMcWAQ=="],

    "node-fetch": ["node-fetch@2.7.0", "", { "dependencies": { "whatwg-url": "^5.0.0" }, "peerDependencies": { "encoding": "^0.1.0" }, "optionalPeers": ["encoding"] }, "sha512-c4FRfUm/dbcWZ7U+1Wq0AwCyFL+3nt2bEw05wfxSz+DWpWsitgmSgYmy2dQdWyKC1694ELPqMs/YzUSNozLt8A=="],

    "obug": ["obug@2.1.1", "", {}, "sha512-uTqF9MuPraAQ+IsnPf366RG4cP9RtUi7MLO1N3KEc+wb0a6yKpeL0lmk2IB1jY5KHPAlTc6T/JRdC/YqxHNwkQ=="],

    "pathe": ["pathe@2.0.3", "", {}, "sha512-WUjGcAqP1gQacoQe+OBJsFA7Ld4DyXuUIjZ5cc75cLHvJ7dtNsTugphxIADwspS+AraAUePCKrSVtPLFj/F88w=="],

    "picocolors": ["picocolors@1.1.1", "", {}, "sha512-xceH2snhtb5M9liqDsmEw56le376mTZkEX/jEb/RxNFyegNul7eNslCXP9FDj/Lcu0X8KEyMceP2ntpaHrDEVA=="],

    "pretty-format": ["pretty-format@27.5.1", "", { "dependencies": { "ansi-regex": "^5.0.1", "ansi-styles": "^5.0.0", "react-is": "^17.0.1" } }, "sha512-Qb1gy5OrP5+zDf2Bvnzdl3jsTf1qXVMazbvCoKhtKqVs4/YK4ozX4gKQJJVyNe+cajNPn0KoC0MC3FUmaHWEmQ=="],

    "react": ["react@19.2.4", "", {}, "sha512-9nfp2hYpCwOjAN+8TZFGhtWEwgvWHXqESH8qT89AT/lWklpLON22Lc8pEtnpsZz7VmawabSU0gCjnj8aC0euHQ=="],

    "react-dom": ["react-dom@19.2.4", "", { "dependencies": { "scheduler": "^0.27.0" }, "peerDependencies": { "react": "^19.2.4" } }, "sha512-AXJdLo8kgMbimY95O2aKQqsz2iWi9jMgKJhRBAxECE4IFxfcazB2LmzloIoibJI3C12IlY20+KFaLv+71bUJeQ=="],

    "react-is": ["react-is@17.0.2", "", {}, "sha512-w2GsyukL62IJnlaff/nRegPQR94C/XXamvMWmSHRJ4y7Ts/4ocGRmTHvOs8PSE6pB3dWOrD/nueuU5sduBsQ4w=="],

    "resolve-pkg-maps": ["resolve-pkg-maps@1.0.0", "", {}, "sha512-seS2Tj26TBVOC2NIc2rOe2y2ZO7efxITtLZcGSOnHHNOQ7CkiUBfw0Iw2ck6xkIhPwLhKNLS8BO+hEpngQlqzw=="],

    "rolldown": ["rolldown@1.0.0-rc.11", "", { "dependencies": { "@oxc-project/types": "=0.122.0", "@rolldown/pluginutils": "1.0.0-rc.11" }, "optionalDependencies": { "@rolldown/binding-android-arm64": "1.0.0-rc.11", "@rolldown/binding-darwin-arm64": "1.0.0-rc.11", "@rolldown/binding-darwin-x64": "1.0.0-rc.11", "@rolldown/binding-freebsd-x64": "1.0.0-rc.11", "@rolldown/binding-linux-arm-gnueabihf": "1.0.0-rc.11", "@rolldown/binding-linux-arm64-gnu": "1.0.0-rc.11", "@rolldown/binding-linux-arm64-musl": "1.0.0-rc.11", "@rolldown/binding-linux-ppc64-gnu": "1.0.0-rc.11", "@rolldown/binding-linux-s390x-gnu": "1.0.0-rc.11", "@rolldown/binding-linux-x64-gnu": "1.0.0-rc.11", "@rolldown/binding-linux-x64-musl": "1.0.0-rc.11", "@rolldown/binding-openharmony-arm64": "1.0.0-rc.11", "@rolldown/binding-wasm32-wasi": "1.0.0-rc.11", "@rolldown/binding-win32-arm64-msvc": "1.0.0-rc.11", "@rolldown/binding-win32-x64-msvc": "1.0.0-rc.11" }, "bin": { "rolldown": "bin/cli.mjs" } }, "sha512-NRjoKMusSjfRbSYiH3VSumlkgFe7kYAa3pzVOsVYVFY3zb5d7nS+a3KGQ7hJKXuYWbzJKPVQ9Wxq2UvyK+ENpw=="],

    "rolldown-plugin-dts": ["rolldown-plugin-dts@0.22.5", "", { "dependencies": { "@babel/generator": "8.0.0-rc.2", "@babel/helper-validator-identifier": "8.0.0-rc.2", "@babel/parser": "8.0.0-rc.2", "@babel/types": "8.0.0-rc.2", "ast-kit": "^3.0.0-beta.1", "birpc": "^4.0.0", "dts-resolver": "^2.1.3", "get-tsconfig": "^4.13.6", "obug": "^2.1.1" }, "peerDependencies": { "@ts-macro/tsc": "^0.3.6", "@typescript/native-preview": ">=7.0.0-dev.20250601.1", "rolldown": "^1.0.0-rc.3", "typescript": "^5.0.0 || ^6.0.0-beta", "vue-tsc": "~3.2.0" }, "optionalPeers": ["@ts-macro/tsc", "@typescript/native-preview", "typescript", "vue-tsc"] }, "sha512-M/HXfM4cboo+jONx9Z0X+CUf3B5tCi7ni+kR5fUW50Fp9AlZk0oVLesibGWgCXDKFp5lpgQ9yhKoImUFjl3VZw=="],

    "scheduler": ["scheduler@0.27.0", "", {}, "sha512-eNv+WrVbKu1f3vbYJT/xtiF5syA5HPIMtf9IgY/nKg0sWqzAUEvqY/xm7OcZc/qafLx/iO9FgOmeSAp4v5ti/Q=="],

    "tr46": ["tr46@0.0.3", "", {}, "sha512-N3WMsuqV66lT30CrXNbEjx4GEwlow3v6rr4mCcv6prnfwhS01rkgyFdjPNBYd9br7LpXV1+Emh01fHnq2Gdgrw=="],

    "tslib": ["tslib@2.8.1", "", {}, "sha512-oJFu94HQb+KVduSUQL7wnpmqnfmLsOA/nAh6b6EH0wCEoK0/mPeXU6c3wKDV83MkOuHPRHtSXKKU99IBazS/2w=="],

    "typescript": ["typescript@5.9.3", "", { "bin": { "tsc": "bin/tsc", "tsserver": "bin/tsserver" } }, "sha512-jl1vZzPDinLr9eUt3J/t7V6FgNEw9QjvBPdysz9KfQDD41fQrC2Y4vKQdiaUpFT4bXlb1RHhLpp8wtm6M5TgSw=="],

    "undici-types": ["undici-types@7.18.2", "", {}, "sha512-AsuCzffGHJybSaRrmr5eHr81mwJU3kjw6M+uprWvCXiNeN9SOGwQ3Jn8jb8m3Z6izVgknn1R0FTCEAP2QrLY/w=="],

    "webidl-conversions": ["webidl-conversions@3.0.1", "", {}, "sha512-2JAn3z8AR6rjK8Sm8orRC0h/bcl/DqL7tRPdGZ4I1CjdF+EaMLmYxBHyXuKL849eucPFhvBoxMsflfOb8kxaeQ=="],

    "whatwg-mimetype": ["whatwg-mimetype@3.0.0", "", {}, "sha512-nt+N2dzIutVRxARx1nghPKGv1xHikU7HKdfafKkLNLindmPU/ch3U31NOCGGA/dmPcmb1VlofO0vnKAcsm0o/Q=="],

    "whatwg-url": ["whatwg-url@5.0.0", "", { "dependencies": { "tr46": "~0.0.3", "webidl-conversions": "^3.0.0" } }, "sha512-saE57nupxk6v3HY35+jzBwYa0rKSy0XR8JSxZPwgLr7ys0IBzhGviA1/TUGJLmSVqs8pb9AnvICXEuOHLprYTw=="],

    "ws": ["ws@8.20.0", "", { "peerDependencies": { "bufferutil": "^4.0.1", "utf-8-validate": ">=5.0.2" }, "optionalPeers": ["bufferutil", "utf-8-validate"] }, "sha512-sAt8BhgNbzCtgGbt2OxmpuryO63ZoDk/sqaB/znQm94T4fCEsy/yV+7CdC1kJhOU9lboAEU7R3kquuycDoibVA=="],

    "@babel/code-frame/@babel/helper-validator-identifier": ["@babel/helper-validator-identifier@7.28.5", "", {}, "sha512-qSs4ifwzKJSV39ucNjsvc6WVHs6b7S03sOh2OcHF9UHfVPqWWALUsNUVzhSBiItjRZoLHx7nIarVjqKVusUZ1Q=="],
  }
}
